
Microsoft Visual Studio Solution File, Format Version 12.00
# Visual Studio 14
VisualStudioVersion = 14.0.23107.0
MinimumVisualStudioVersion = 10.0.40219.1
Project("{FAE04EC0-301F-11D3-BF4B-00C04F79EFBC}") = "CypherWebforms", "CyperWebforms\CypherWebforms.csproj", "{978B901A-6512-4D97-A5E5-EF0AAE163949}"
EndProject
Global
	GlobalSection(SolutionConfigurationPlatforms) = preSolution
		Debug|Any CPU = Debug|Any CPU
		Release|Any CPU = Release|Any CPU
	EndGlobalSection
	GlobalSection(ProjectConfigurationPlatforms) = postSolution
		{978B901A-6512-4D97-A5E5-EF0AAE163949}.Debug|Any CPU.ActiveCfg = Debug|Any CPU
		{978B901A-6512-4D97-A5E5-EF0AAE163949}.Debug|Any CPU.Build.0 = Debug|Any CPU
		{978B901A-6512-4D97-A5E5-EF0AAE163949}.Release|Any CPU.ActiveCfg = Release|Any CPU
		{978B901A-6512-4D97-A5E5-EF0AAE163949}.Release|Any CPU.Build.0 = Release|Any CPU
	EndGlobalSection
	GlobalSection(SolutionProperties) = preSolution
		HideSolutionNode = FALSE
	EndGlobalSection
EndGlobal
